// !$*UTF8*$!
{
	archiveVersion = 1;
	classes = {
	};
	objectVersion = 55;
	objects = {

/* Begin PBXBuildFile section */
		732D179128848AD400F94E23 /* SingletonTests.cpp in Sources */ = {isa = PBXBuildFile; fileRef = 732D178F28848AD400F94E23 /* SingletonTests.cpp */; };
		73D34BA92884823F009CE426 /* main.cpp in Sources */ = {isa = PBXBuildFile; fileRef = 73D34BA82884823F009CE426 /* main.cpp */; };
		73D34BB2288484C9009CE426 /* libgtest.a in Frameworks */ = {isa = PBXBuildFile; fileRef = 73D34BB12884849D009CE426 /* libgtest.a */; };
		73D34BB3288484C9009CE426 /* libgtest_main.a in Frameworks */ = {isa = PBXBuildFile; fileRef = 73D34BB02884849D009CE426 /* libgtest_main.a */; };
/* End PBXBuildFile section */

/* Begin PBXCopyFilesBuildPhase section */
		73D34BA32884823F009CE426 /* CopyFiles */ = {
			isa = PBXCopyFilesBuildPhase;
			buildActionMask = 2147483647;
			dstPath = /usr/share/man/man1/;
			dstSubfolderSpec = 0;
			files = (
			);
			runOnlyForDeploymentPostprocessing = 1;
		};
/* End PBXCopyFilesBuildPhase section */

/* Begin PBXFileReference section */
		732D178F28848AD400F94E23 /* SingletonTests.cpp */ = {isa = PBXFileReference; lastKnownFileType = sourcecode.cpp.cpp; path = SingletonTests.cpp; sourceTree = "<group>"; };
		732D179228848B1500F94E23 /* Singleton.hpp */ = {isa = PBXFileReference; lastKnownFileType = sourcecode.cpp.h; path = Singleton.hpp; sourceTree = "<group>"; };
		732D179328848C8800F94E23 /* capitals.txt */ = {isa = PBXFileReference; lastKnownFileType = text; path = capitals.txt; sourceTree = "<group>"; };
		73D34BA52884823F009CE426 /* gtest */ = {isa = PBXFileReference; explicitFileType = "compiled.mach-o.executable"; includeInIndex = 0; path = gtest; sourceTree = BUILT_PRODUCTS_DIR; };
		73D34BA82884823F009CE426 /* main.cpp */ = {isa = PBXFileReference; lastKnownFileType = sourcecode.cpp.cpp; path = main.cpp; sourceTree = "<group>"; };
		73D34BB02884849D009CE426 /* libgtest_main.a */ = {isa = PBXFileReference; lastKnownFileType = archive.ar; name = libgtest_main.a; path = "../assignements/singleton-database-simulation/googletest/googletest/libgtest_main.a"; sourceTree = "<group>"; };
		73D34BB12884849D009CE426 /* libgtest.a */ = {isa = PBXFileReference; lastKnownFileType = archive.ar; name = libgtest.a; path = "../assignements/singleton-database-simulation/googletest/googletest/libgtest.a"; sourceTree = "<group>"; };
/* End PBXFileReference section */

/* Begin PBXFrameworksBuildPhase section */
		73D34BA22884823F009CE426 /* Frameworks */ = {
			isa = PBXFrameworksBuildPhase;
			buildActionMask = 2147483647;
			files = (
				73D34BB3288484C9009CE426 /* libgtest_main.a in Frameworks */,
				73D34BB2288484C9009CE426 /* libgtest.a in Frameworks */,
			);
			runOnlyForDeploymentPostprocessing = 0;
		};
/* End PBXFrameworksBuildPhase section */

/* Begin PBXGroup section */
		73D34B9C2884823F009CE426 = {
			isa = PBXGroup;
			children = (
				732D179328848C8800F94E23 /* capitals.txt */,
				732D179228848B1500F94E23 /* Singleton.hpp */,
				732D178F28848AD400F94E23 /* SingletonTests.cpp */,
				73D34BA72884823F009CE426 /* gtest */,
				73D34BA62884823F009CE426 /* Products */,
				73D34BAF2884849D009CE426 /* Frameworks */,
			);
			sourceTree = "<group>";
		};
		73D34BA62884823F009CE426 /* Products */ = {
			isa = PBXGroup;
			children = (
				73D34BA52884823F009CE426 /* gtest */,
			);
			name = Products;
			sourceTree = "<group>";
		};
		73D34BA72884823F009CE426 /* gtest */ = {
			isa = PBXGroup;
			children = (
				73D34BA82884823F009CE426 /* main.cpp */,
			);
			path = gtest;
			sourceTree = "<group>";
		};
		73D34BAF2884849D009CE426 /* Frameworks */ = {
			isa = PBXGroup;
			children = (
				73D34BB02884849D009CE426 /* libgtest_main.a */,
				73D34BB12884849D009CE426 /* libgtest.a */,
			);
			name = Frameworks;
			sourceTree = "<group>";
		};
/* End PBXGroup section */

/* Begin PBXNativeTarget section */
		73D34BA42884823F009CE426 /* gtest */ = {
			isa = PBXNativeTarget;
			buildConfigurationList = 73D34BAC2884823F009CE426 /* Build configuration list for PBXNativeTarget "gtest" */;
			buildPhases = (
				73D34BA12884823F009CE426 /* Sources */,
				73D34BA22884823F009CE426 /* Frameworks */,
				73D34BA32884823F009CE426 /* CopyFiles */,
			);
			buildRules = (
			);
			dependencies = (
			);
			name = gtest;
			productName = gtest;
			productReference = 73D34BA52884823F009CE426 /* gtest */;
			productType = "com.apple.product-type.tool";
		};
/* End PBXNativeTarget section */

/* Begin PBXProject section */
		73D34B9D2884823F009CE426 /* Project object */ = {
			isa = PBXProject;
			attributes = {
				BuildIndependentTargetsInParallel = 1;
				LastUpgradeCheck = 1340;
				TargetAttributes = {
					73D34BA42884823F009CE426 = {
						CreatedOnToolsVersion = 13.4.1;
					};
				};
			};
			buildConfigurationList = 73D34BA02884823F009CE426 /* Build configuration list for PBXProject "gtest" */;
			compatibilityVersion = "Xcode 13.0";
			developmentRegion = en;
			hasScannedForEncodings = 0;
			knownRegions = (
				en,
				Base,
			);
			mainGroup = 73D34B9C2884823F009CE426;
			productRefGroup = 73D34BA62884823F009CE426 /* Products */;
			projectDirPath = "";
			projectRoot = "";
			targets = (
				73D34BA42884823F009CE426 /* gtest */,
			);
		};
/* End PBXProject section */

/* Begin PBXSourcesBuildPhase section */
		73D34BA12884823F009CE426 /* Sources */ = {
			isa = PBXSourcesBuildPhase;
			buildActionMask = 2147483647;
			files = (
				73D34BA92884823F009CE426 /* main.cpp in Sources */,
				732D179128848AD400F94E23 /* SingletonTests.cpp in Sources */,
			);
			runOnlyForDeploymentPostprocessing = 0;
		};
/* End PBXSourcesBuildPhase section */

/* Begin XCBuildConfiguration section */
		73D34BAA2884823F009CE426 /* Debug */ = {
			isa = XCBuildConfiguration;
			buildSettings = {
				ALWAYS_SEARCH_USER_PATHS = NO;
				CLANG_ANALYZER_NONNULL = YES;
				CLANG_ANALYZER_NUMBER_OBJECT_CONVERSION = YES_AGGRESSIVE;
				CLANG_CXX_LANGUAGE_STANDARD = "gnu++17";
				CLANG_ENABLE_MODULES = YES;
				CLANG_ENABLE_OBJC_ARC = YES;
				CLANG_ENABLE_OBJC_WEAK = YES;
				CLANG_WARN_BLOCK_CAPTURE_AUTORELEASING = YES;
				CLANG_WARN_BOOL_CONVERSION = YES;
				CLANG_WARN_COMMA = YES;
				CLANG_WARN_CONSTANT_CONVERSION = YES;
				CLANG_WARN_DEPRECATED_OBJC_IMPLEMENTATIONS = YES;
				CLANG_WARN_DIRECT_OBJC_ISA_USAGE = YES_ERROR;
				CLANG_WARN_DOCUMENTATION_COMMENTS = YES;
				CLANG_WARN_EMPTY_BODY = YES;
				CLANG_WARN_ENUM_CONVERSION = YES;
				CLANG_WARN_INFINITE_RECURSION = YES;
				CLANG_WARN_INT_CONVERSION = YES;
				CLANG_WARN_NON_LITERAL_NULL_CONVERSION = YES;
				CLANG_WARN_OBJC_IMPLICIT_RETAIN_SELF = YES;
				CLANG_WARN_OBJC_LITERAL_CONVERSION = YES;
				CLANG_WARN_OBJC_ROOT_CLASS = YES_ERROR;
				CLANG_WARN_QUOTED_INCLUDE_IN_FRAMEWORK_HEADER = YES;
				CLANG_WARN_RANGE_LOOP_ANALYSIS = YES;
				CLANG_WARN_STRICT_PROTOTYPES = YES;
				CLANG_WARN_SUSPICIOUS_MOVE = YES;
				CLANG_WARN_UNGUARDED_AVAILABILITY = YES_AGGRESSIVE;
				CLANG_WARN_UNREACHABLE_CODE = YES;
				CLANG_WARN__DUPLICATE_METHOD_MATCH = YES;
				COPY_PHASE_STRIP = NO;
				DEBUG_INFORMATION_FORMAT = dwarf;
				ENABLE_STRICT_OBJC_MSGSEND = YES;
				ENABLE_TESTABILITY = YES;
				GCC_C_LANGUAGE_STANDARD = gnu11;
				GCC_DYNAMIC_NO_PIC = NO;
				GCC_NO_COMMON_BLOCKS = YES;
				GCC_OPTIMIZATION_LEVEL = 0;
				GCC_PREPROCESSOR_DEFINITIONS = (
					"DEBUG=1",
					"$(inherited)",
				);
				GCC_WARN_64_TO_32_BIT_CONVERSION = YES;
				GCC_WARN_ABOUT_RETURN_TYPE = YES_ERROR;
				GCC_WARN_UNDECLARED_SELECTOR = YES;
				GCC_WARN_UNINITIALIZED_AUTOS = YES_AGGRESSIVE;
				GCC_WARN_UNUSED_FUNCTION = YES;
				GCC_WARN_UNUSED_VARIABLE = YES;
				MACOSX_DEPLOYMENT_TARGET = 12.3;
				MTL_ENABLE_DEBUG_INFO = INCLUDE_SOURCE;
				MTL_FAST_MATH = YES;
				ONLY_ACTIVE_ARCH = YES;
				SDKROOT = macosx;
			};
			name = Debug;
		};
		73D34BAB2884823F009CE426 /* Release */ = {
			isa = XCBuildConfiguration;
			buildSettings = {
				ALWAYS_SEARCH_USER_PATHS = NO;
				CLANG_ANALYZER_NONNULL = YES;
				CLANG_ANALYZER_NUMBER_OBJECT_CONVERSION = YES_AGGRESSIVE;
				CLANG_CXX_LANGUAGE_STANDARD = "gnu++17";
				CLANG_ENABLE_MODULES = YES;
				CLANG_ENABLE_OBJC_ARC = YES;
				CLANG_ENABLE_OBJC_WEAK = YES;
				CLANG_WARN_BLOCK_CAPTURE_AUTORELEASING = YES;
				CLANG_WARN_BOOL_CONVERSION = YES;
				CLANG_WARN_COMMA = YES;
				CLANG_WARN_CONSTANT_CONVERSION = YES;
				CLANG_WARN_DEPRECATED_OBJC_IMPLEMENTATIONS = YES;
				CLANG_WARN_DIRECT_OBJC_ISA_USAGE = YES_ERROR;
				CLANG_WARN_DOCUMENTATION_COMMENTS = YES;
				CLANG_WARN_EMPTY_BODY = YES;
				CLANG_WARN_ENUM_CONVERSION = YES;
				CLANG_WARN_INFINITE_RECURSION = YES;
				CLANG_WARN_INT_CONVERSION = YES;
				CLANG_WARN_NON_LITERAL_NULL_CONVERSION = YES;
				CLANG_WARN_OBJC_IMPLICIT_RETAIN_SELF = YES;
				CLANG_WARN_OBJC_LITERAL_CONVERSION = YES;
				CLANG_WARN_OBJC_ROOT_CLASS = YES_ERROR;
				CLANG_WARN_QUOTED_INCLUDE_IN_FRAMEWORK_HEADER = YES;
				CLANG_WARN_RANGE_LOOP_ANALYSIS = YES;
				CLANG_WARN_STRICT_PROTOTYPES = YES;
				CLANG_WARN_SUSPICIOUS_MOVE = YES;
				CLANG_WARN_UNGUARDED_AVAILABILITY = YES_AGGRESSIVE;
				CLANG_WARN_UNREACHABLE_CODE = YES;
				CLANG_WARN__DUPLICATE_METHOD_MATCH = YES;
				COPY_PHASE_STRIP = NO;
				DEBUG_INFORMATION_FORMAT = "dwarf-with-dsym";
				ENABLE_NS_ASSERTIONS = NO;
				ENABLE_STRICT_OBJC_MSGSEND = YES;
				GCC_C_LANGUAGE_STANDARD = gnu11;
				GCC_NO_COMMON_BLOCKS = YES;
				GCC_WARN_64_TO_32_BIT_CONVERSION = YES;
				GCC_WARN_ABOUT_RETURN_TYPE = YES_ERROR;
				GCC_WARN_UNDECLARED_SELECTOR = YES;
				GCC_WARN_UNINITIALIZED_AUTOS = YES_AGGRESSIVE;
				GCC_WARN_UNUSED_FUNCTION = YES;
				GCC_WARN_UNUSED_VARIABLE = YES;
				MACOSX_DEPLOYMENT_TARGET = 12.3;
				MTL_ENABLE_DEBUG_INFO = NO;
				MTL_FAST_MATH = YES;
				SDKROOT = macosx;
			};
			name = Release;
		};
		73D34BAD2884823F009CE426 /* Debug */ = {
			isa = XCBuildConfiguration;
			buildSettings = {
				CODE_SIGN_STYLE = Automatic;
				HEADER_SEARCH_PATHS = (
					"/Users/spalaniyappa/Documents/TechnicalDoc/JuniperDoc/C++Trainingg/juniper-traineee/assignements/singleton-database-simulation/googletest/googletest/include",
					"/Users/spalaniyappa/Documents/TechnicalDoc/JuniperDoc/C++Trainingg/juniper-traineee/assignements/singleton-database-simulation/googletest/googletest/include",
					/opt/homebrew/Cellar/boost/1.79.0_1/include,
				);
				LIBRARY_SEARCH_PATHS = "/Users/spalaniyappa/Documents/TechnicalDoc/JuniperDoc/C++Trainingg/juniper-traineee/assignements/singleton-database-simulation/googletest/googletest/";
				PRODUCT_NAME = "$(TARGET_NAME)";
			};
			name = Debug;
		};
		73D34BAE2884823F009CE426 /* Release */ = {
			isa = XCBuildConfiguration;
			buildSettings = {
				CODE_SIGN_STYLE = Automatic;
				HEADER_SEARCH_PATHS = (
					"/Users/spalaniyappa/Documents/TechnicalDoc/JuniperDoc/C++Trainingg/juniper-traineee/assignements/singleton-database-simulation/googletest/googletest/include",
					"/Users/spalaniyappa/Documents/TechnicalDoc/JuniperDoc/C++Trainingg/juniper-traineee/assignements/singleton-database-simulation/googletest/googletest/include",
					/opt/homebrew/Cellar/boost/1.79.0_1/include,
				);
				LIBRARY_SEARCH_PATHS = "/Users/spalaniyappa/Documents/TechnicalDoc/JuniperDoc/C++Trainingg/juniper-traineee/assignements/singleton-database-simulation/googletest/googletest/";
				PRODUCT_NAME = "$(TARGET_NAME)";
			};
			name = Release;
		};
/* End XCBuildConfiguration section */

/* Begin XCConfigurationList section */
		73D34BA02884823F009CE426 /* Build configuration list for PBXProject "gtest" */ = {
			isa = XCConfigurationList;
			buildConfigurations = (
				73D34BAA2884823F009CE426 /* Debug */,
				73D34BAB2884823F009CE426 /* Release */,
			);
			defaultConfigurationIsVisible = 0;
			defaultConfigurationName = Release;
		};
		73D34BAC2884823F009CE426 /* Build configuration list for PBXNativeTarget "gtest" */ = {
			isa = XCConfigurationList;
			buildConfigurations = (
				73D34BAD2884823F009CE426 /* Debug */,
				73D34BAE2884823F009CE426 /* Release */,
			);
			defaultConfigurationIsVisible = 0;
			defaultConfigurationName = Release;
		};
/* End XCConfigurationList section */
	};
	rootObject = 73D34B9D2884823F009CE426 /* Project object */;
}
